
Microsoft Visual Studio Solution File, Format Version 12.00
# Visual Studio Version 17
VisualStudioVersion = 17.6.33829.357
MinimumVisualStudioVersion = 10.0.40219.1
Project("{8BC9CEB8-8B4A-11D0-8D11-00A0C91BC942}") = "HelloTriangleDX", "HelloTriangleDX.vcxproj", "{DF8A573D-FD94-45F8-AED2-0BEFC00B9591}"
EndProject
Global
	GlobalSection(SolutionConfigurationPlatforms) = preSolution
		Debug|x64 = Debug|x64
		Release|x64 = Release|x64
	EndGlobalSection
	GlobalSection(ProjectConfigurationPlatforms) = postSolution
		{DF8A573D-FD94-45F8-AED2-0BEFC00B9591}.Debug|x64.ActiveCfg = Debug|x64
		{DF8A573D-FD94-45F8-AED2-0BEFC00B9591}.Debug|x64.Build.0 = Debug|x64
		{DF8A573D-FD94-45F8-AED2-0BEFC00B9591}.Release|x64.ActiveCfg = Release|x64
		{DF8A573D-FD94-45F8-AED2-0BEFC00B9591}.Release|x64.Build.0 = Release|x64
	EndGlobalSection
	GlobalSection(SolutionProperties) = preSolution
		HideSolutionNode = FALSE
	EndGlobalSection
	GlobalSection(ExtensibilityGlobals) = postSolution
		SolutionGuid = {79018119-9344-4C75-9940-5F0BD548E58B}
	EndGlobalSection
EndGlobal
